
Microsoft Visual Studio Solution File, Format Version 12.00
# Visual Studio Version 17
VisualStudioVersion = 17.9.34728.123
MinimumVisualStudioVersion = 10.0.40219.1
Project("{FAE04EC0-301F-11D3-BF4B-00C04F79EFBC}") = "ProductAndStudentADO.NetDemo", "ProductAndStudentADO.NetDemo\ProductAndStudentADO.NetDemo.csproj", "{16729384-E170-403A-B554-3F7346A8C690}"
EndProject
Global
	GlobalSection(SolutionConfigurationPlatforms) = preSolution
		Debug|Any CPU = Debug|Any CPU
		Release|Any CPU = Release|Any CPU
	EndGlobalSection
	GlobalSection(ProjectConfigurationPlatforms) = postSolution
		{16729384-E170-403A-B554-3F7346A8C690}.Debug|Any CPU.ActiveCfg = Debug|Any CPU
		{16729384-E170-403A-B554-3F7346A8C690}.Debug|Any CPU.Build.0 = Debug|Any CPU
		{16729384-E170-403A-B554-3F7346A8C690}.Release|Any CPU.ActiveCfg = Release|Any CPU
		{16729384-E170-403A-B554-3F7346A8C690}.Release|Any CPU.Build.0 = Release|Any CPU
	EndGlobalSection
	GlobalSection(SolutionProperties) = preSolution
		HideSolutionNode = FALSE
	EndGlobalSection
	GlobalSection(ExtensibilityGlobals) = postSolution
		SolutionGuid = {06E362BD-59AB-4EA3-9603-010F6F31572E}
	EndGlobalSection
EndGlobal
